{
  "requires": true,
  "lockfileVersion": 1,
  "dependencies": {
    "classcat": {
      "version": "5.0.3",
      "resolved": "https://registry.npmjs.org/classcat/-/classcat-5.0.3.tgz",
      "integrity": "sha512-6dK2ke4VEJZOFx2ZfdDAl5OhEL8lvkl6EHF92IfRePfHxQTqir5NlcNVUv+2idjDqCX2NDc8m8YSAI5NI975ZQ=="
    }
  }
}
